github.com/smartwalle/nmap v0.0.1 h1:mYkPuW8LUW7wIz8JerKd1FxBIFoYIXNMW10WxeDLFpM=
github.com/smartwalle/nmap v0.0.1/go.mod h1:ajM1C1z0O0QprkG8ADkcTi3t2CjzYtXNe+btwfJbv88=
github.com/smartwalle/nmap v0.0.2 h1:OMEAyER8b3uZOS6tWk7cer81Q7H1sIvcWIkXLPi9GlE=
github.com/smartwalle/nmap v0.0.2/go.mod h1:ajM1C1z0O0QprkG8ADkcTi3t2CjzYtXNe+btwfJbv88=
